# THIS IS AN AUTOGENERATED FILE. DO NOT EDIT THIS FILE DIRECTLY.
# yarn lockfile v1


"@dedust/sdk@^0.8.7":
  version "0.8.7"
  resolved "https://registry.yarnpkg.com/@dedust/sdk/-/sdk-0.8.7.tgz#77ed0dc09f68da7184b3b9a38e9f8e0431f7b95b"
  integrity sha512-xW7bcdIUD09t9h5iUA+jCR0qLOnjvloYXNgEJbajPmIdXrCal8R+UoLE26a/5as0h6B2DmuC4peSYMoiHDFSlg==

"@hapi/hoek@^9.0.0", "@hapi/hoek@^9.3.0":
  version "9.3.0"
  resolved "https://registry.yarnpkg.com/@hapi/hoek/-/hoek-9.3.0.tgz#8368869dcb735be2e7f5cb7647de78e167a251fb"
  integrity sha512-/c6rf4UJlmHlC9b5BaNvzAcFv7HZ2QHaV0D4/HNlBdvFnvQq8RI4kYdhyPCl7Xj+oWvTWQ8ujhqS53LIgAe6KQ==

"@hapi/topo@^5.1.0":
  version "5.1.0"
  resolved "https://registry.yarnpkg.com/@hapi/topo/-/topo-5.1.0.tgz#dc448e332c6c6e37a4dc02fd84ba8d44b9afb012"
  integrity sha512-foQZKJig7Ob0BMAYBfcJk8d77QtOe7Wo4ox7ff1lQYoNNAb6jwcY1ncdoy2e9wQZzvNy7ODZCYJkK8kzmcAnAg==
  dependencies:
    "@hapi/hoek" "^9.0.0"

"@sideway/address@^4.1.5":
  version "4.1.5"
  resolved "https://registry.yarnpkg.com/@sideway/address/-/address-4.1.5.tgz#4bc149a0076623ced99ca8208ba780d65a99b9d5"
  integrity sha512-IqO/DUQHUkPeixNQ8n0JA6102hT9CmaljNTPmQ1u8MEhBo/R4Q8eKLN/vGZxuebwOroDB4cbpjheD4+/sKFK4Q==
  dependencies:
    "@hapi/hoek" "^9.0.0"

"@sideway/formula@^3.0.1":
  version "3.0.1"
  resolved "https://registry.yarnpkg.com/@sideway/formula/-/formula-3.0.1.tgz#80fcbcbaf7ce031e0ef2dd29b1bfc7c3f583611f"
  integrity sha512-/poHZJJVjx3L+zVD6g9KgHfYnb443oi7wLu/XKojDviHy6HOEOA6z1Trk5aR1dGcmPenJEgb2sK2I80LeS3MIg==

"@sideway/pinpoint@^2.0.0":
  version "2.0.0"
  resolved "https://registry.yarnpkg.com/@sideway/pinpoint/-/pinpoint-2.0.0.tgz#cff8ffadc372ad29fd3f78277aeb29e632cc70df"
  integrity sha512-RNiOoTPkptFtSVzQevY/yWtZwf/RxyVnPy/OcA9HBM3MlGDnBEYL5B41H0MTn0Uec8Hi+2qUtTfG2WWZBmMejQ==

"@ston-fi/api@^0.9.0":
  version "0.9.0"
  resolved "https://registry.yarnpkg.com/@ston-fi/api/-/api-0.9.0.tgz#8c973e36096775e54d809f92a0eb6c1273e9796b"
  integrity sha512-X5AL6fj0e135hGU3lRjlMPjHw0vbkaE3XfrAfAz/Q9Tz76kIM2BxlI0bPc/z0OIkjJe/tNBsuP1bpKuTv+Y/JQ==
  dependencies:
    camelcase-keys "9.1.3"
    decamelize-keys "2.0.1"
    ofetch "1.3.4"

"@ston-fi/sdk@^1.0.0":
  version "1.0.0"
  resolved "https://registry.yarnpkg.com/@ston-fi/sdk/-/sdk-1.0.0.tgz#3a4f175b4ba2b8418560a96d7825f5577adef5fe"
  integrity sha512-tOBE5j5MGvHlA8NxR1k86RUuyiEreatL3n8quHHkKo4EWiVIb2DpYWT+30gJgxxAdh8vtFf3QI7v79yDsMbk9Q==

"@ton/core@^0.56.3":
  version "0.56.3"
  resolved "https://registry.yarnpkg.com/@ton/core/-/core-0.56.3.tgz#1162764573abb76032eba70f8497e5cb2ea532ee"
  integrity sha512-HVkalfqw8zqLLPehtq0CNhu5KjVzc7IrbDwDHPjGoOSXmnqSobiWj8a5F+YuWnZnEbQKtrnMGNOOjVw4LG37rg==
  dependencies:
    symbol.inspect "1.0.1"

"@ton/crypto-primitives@2.0.0":
  version "2.0.0"
  resolved "https://registry.yarnpkg.com/@ton/crypto-primitives/-/crypto-primitives-2.0.0.tgz#446256146d64fcec6e3f21d9f40b5148640329cc"
  integrity sha512-wttiNClmGbI6Dfy/8oyNnsIV0b/qYkCJz4Gn4eP62lJZzMtVQ94Ko7nikDX1EfYHkLI1xpOitWpW+8ZuG6XtDg==
  dependencies:
    jssha "3.2.0"

"@ton/crypto@^3.2.0":
  version "3.2.0"
  resolved "https://registry.yarnpkg.com/@ton/crypto/-/crypto-3.2.0.tgz#8fcb36cc93eafd05249c847d1f4ad39cf2565e46"
  integrity sha512-50RkwReEuV2FkxSZ8ht/x9+n0ZGtwRKGsJ0ay4I/HFhkYVG/awIIBQeH0W4j8d5lADdO5h01UtX8PJ8AjiejjA==
  dependencies:
    "@ton/crypto-primitives" "2.0.0"
    jssha "3.2.0"
    tweetnacl "1.0.3"

"@ton/ton@^13.11.2":
  version "13.11.2"
  resolved "https://registry.yarnpkg.com/@ton/ton/-/ton-13.11.2.tgz#e40204df6a663fdf1b862dfe8ba2a91be3c0dddc"
  integrity sha512-EPqW+ZTe0MmfqguJEIGMuAqTAFRKMEce95HlDx8h6CGn2y3jiMgV1/oO+WpDIOiX+1wnTu+xtajk8JTWr8nKRQ==
  dependencies:
    axios "^1.6.7"
    dataloader "^2.0.0"
    symbol.inspect "1.0.1"
    teslabot "^1.3.0"
    zod "^3.21.4"

"@types/node@^20.14.6":
  version "20.14.6"
  resolved "https://registry.yarnpkg.com/@types/node/-/node-20.14.6.tgz#f3c19ffc98c2220e18de259bb172dd4d892a6075"
  integrity sha512-JbA0XIJPL1IiNnU7PFxDXyfAwcwVVrOoqyzzyQTyMeVhBzkJVMSkC1LlVsRQ2lpqiY4n6Bb9oCS6lzDKVQxbZw==
  dependencies:
    undici-types "~5.26.4"

asynckit@^0.4.0:
  version "0.4.0"
  resolved "https://registry.yarnpkg.com/asynckit/-/asynckit-0.4.0.tgz#c79ed97f7f34cb8f2ba1bc9790bcc366474b4b79"
  integrity sha512-Oei9OH4tRh0YqU3GxhX79dM/mwVgvbZJaSNaRk+bshkj0S5cfHcgYakreBjrHwatXKbz+IoIdYLxrKim2MjW0Q==

axios@^1.6.7:
  version "1.7.2"
  resolved "https://registry.yarnpkg.com/axios/-/axios-1.7.2.tgz#b625db8a7051fbea61c35a3cbb3a1daa7b9c7621"
  integrity sha512-2A8QhOMrbomlDuiLeK9XibIBzuHeRcqqNOHp0Cyp5EoJ1IFDh+XZH3A6BkXtv0K4gFGCI0Y4BM7B1wOEi0Rmgw==
  dependencies:
    follow-redirects "^1.15.6"
    form-data "^4.0.0"
    proxy-from-env "^1.1.0"

camelcase-keys@9.1.3:
  version "9.1.3"
  resolved "https://registry.yarnpkg.com/camelcase-keys/-/camelcase-keys-9.1.3.tgz#6367b2f9ec5724af541f58f0dcfee9b200022e5c"
  integrity sha512-Rircqi9ch8AnZscQcsA1C47NFdaO3wukpmIRzYcDOrmvgt78hM/sj5pZhZNec2NM12uk5vTwRHZ4anGcrC4ZTg==
  dependencies:
    camelcase "^8.0.0"
    map-obj "5.0.0"
    quick-lru "^6.1.1"
    type-fest "^4.3.2"

camelcase@^8.0.0:
  version "8.0.0"
  resolved "https://registry.yarnpkg.com/camelcase/-/camelcase-8.0.0.tgz#c0d36d418753fb6ad9c5e0437579745c1c14a534"
  integrity sha512-8WB3Jcas3swSvjIeA2yvCJ+Miyz5l1ZmB6HFb9R1317dt9LCQoswg/BGrmAmkWVEszSrrg4RwmO46qIm2OEnSA==

combined-stream@^1.0.8:
  version "1.0.8"
  resolved "https://registry.yarnpkg.com/combined-stream/-/combined-stream-1.0.8.tgz#c3d45a8b34fd730631a110a8a2520682b31d5a7f"
  integrity sha512-FQN4MRfuJeHf7cBbBMJFXhKSDq+2kAArBlmRBvcvFE5BB1HZKXtSFASDhdlz9zOYwxh8lDdnvmMOe/+5cdoEdg==
  dependencies:
    delayed-stream "~1.0.0"

dataloader@^2.0.0:
  version "2.2.2"
  resolved "https://registry.yarnpkg.com/dataloader/-/dataloader-2.2.2.tgz#216dc509b5abe39d43a9b9d97e6e5e473dfbe3e0"
  integrity sha512-8YnDaaf7N3k/q5HnTJVuzSyLETjoZjVmHc4AeKAzOvKHEFQKcn64OKBfzHYtE9zGjctNM7V9I0MfnUVLpi7M5g==

decamelize-keys@2.0.1:
  version "2.0.1"
  resolved "https://registry.yarnpkg.com/decamelize-keys/-/decamelize-keys-2.0.1.tgz#32115e60cc5eeaea11d6692fd73de3b92e34502f"
  integrity sha512-nrNeSCtU2gV3Apcmn/EZ+aR20zKDuNDStV67jPiupokD3sOAFeMzslLMCFdKv1sPqzwoe5ZUhsSW9IAVgKSL/Q==
  dependencies:
    decamelize "^6.0.0"
    map-obj "^4.3.0"
    quick-lru "^6.1.1"
    type-fest "^3.1.0"

decamelize@^6.0.0:
  version "6.0.0"
  resolved "https://registry.yarnpkg.com/decamelize/-/decamelize-6.0.0.tgz#8cad4d916fde5c41a264a43d0ecc56fe3d31749e"
  integrity sha512-Fv96DCsdOgB6mdGl67MT5JaTNKRzrzill5OH5s8bjYJXVlcXyPYGyPsUkWyGV5p1TXI5esYIYMMeDJL0hEIwaA==

delayed-stream@~1.0.0:
  version "1.0.0"
  resolved "https://registry.yarnpkg.com/delayed-stream/-/delayed-stream-1.0.0.tgz#df3ae199acadfb7d440aaae0b29e2272b24ec619"
  integrity sha512-ZySD7Nf91aLB0RxL4KGrKHBXl7Eds1DAmEdcoVawXnLD7SDhpNgtuII2aAkg7a7QS41jxPSZ17p4VdGnMHk3MQ==

destr@^2.0.3:
  version "2.0.3"
  resolved "https://registry.yarnpkg.com/destr/-/destr-2.0.3.tgz#7f9e97cb3d16dbdca7be52aca1644ce402cfe449"
  integrity sha512-2N3BOUU4gYMpTP24s5rF5iP7BDr7uNTCs4ozw3kf/eKfvWSIu93GEBi5m427YoyJoeOzQ5smuu4nNAPGb8idSQ==

dotenv@^16.4.5:
  version "16.4.5"
  resolved "https://registry.yarnpkg.com/dotenv/-/dotenv-16.4.5.tgz#cdd3b3b604cb327e286b4762e13502f717cb099f"
  integrity sha512-ZmdL2rui+eB2YwhsWzjInR8LldtZHGDoQ1ugH85ppHKwpUHL7j7rN0Ti9NCnGiQbhaZ11FpR+7ao1dNsmduNUg==

follow-redirects@^1.15.6:
  version "1.15.6"
  resolved "https://registry.yarnpkg.com/follow-redirects/-/follow-redirects-1.15.6.tgz#7f815c0cda4249c74ff09e95ef97c23b5fd0399b"
  integrity sha512-wWN62YITEaOpSK584EZXJafH1AGpO8RVgElfkuXbTOrPX4fIfOyEpW/CsiNd8JdYrAoOvafRTOEnvsO++qCqFA==

form-data@^4.0.0:
  version "4.0.0"
  resolved "https://registry.yarnpkg.com/form-data/-/form-data-4.0.0.tgz#93919daeaf361ee529584b9b31664dc12c9fa452"
  integrity sha512-ETEklSGi5t0QMZuiXoA/Q6vcnxcLQP5vdugSpuAyi6SVGi2clPPp+xgEhuMaHC+zGgn31Kd235W35f7Hykkaww==
  dependencies:
    asynckit "^0.4.0"
    combined-stream "^1.0.8"
    mime-types "^2.1.12"

fs@^0.0.1-security:
  version "0.0.1-security"
  resolved "https://registry.yarnpkg.com/fs/-/fs-0.0.1-security.tgz#8a7bd37186b6dddf3813f23858b57ecaaf5e41d4"
  integrity sha512-3XY9e1pP0CVEUCdj5BmfIZxRBTSDycnbqhIOGec9QYtmVH2fbLpj86CFWkrNOkt/Fvty4KZG5lTglL9j/gJ87w==

inherits@2.0.3:
  version "2.0.3"
  resolved "https://registry.yarnpkg.com/inherits/-/inherits-2.0.3.tgz#633c2c83e3da42a502f52466022480f4208261de"
  integrity sha512-x00IRNXNy63jwGkJmzPigoySHbaqpNuzKbBOmzK+g2OdZpQ9w+sxCN+VSB3ja7IAge2OP2qpfxTjeNcyjmW1uw==

joi@^17.13.3:
  version "17.13.3"
  resolved "https://registry.yarnpkg.com/joi/-/joi-17.13.3.tgz#0f5cc1169c999b30d344366d384b12d92558bcec"
  integrity sha512-otDA4ldcIx+ZXsKHWmp0YizCweVRZG96J10b0FevjfuncLO1oX59THoAmHkNubYJ+9gWsYsp5k8v4ib6oDv1fA==
  dependencies:
    "@hapi/hoek" "^9.3.0"
    "@hapi/topo" "^5.1.0"
    "@sideway/address" "^4.1.5"
    "@sideway/formula" "^3.0.1"
    "@sideway/pinpoint" "^2.0.0"

json5@^2.2.2:
  version "2.2.3"
  resolved "https://registry.yarnpkg.com/json5/-/json5-2.2.3.tgz#78cd6f1a19bdc12b73db5ad0c61efd66c1e29283"
  integrity sha512-XmOWe7eyHYH14cLdVPoyg+GOH3rYX++KpzrylJwSW98t3Nk+U8XOl8FWKOgwtzdb8lXGf6zYwDUzeHMWfxasyg==

jssha@3.2.0:
  version "3.2.0"
  resolved "https://registry.yarnpkg.com/jssha/-/jssha-3.2.0.tgz#88ec50b866dd1411deaddbe6b3e3692e4c710f16"
  integrity sha512-QuruyBENDWdN4tZwJbQq7/eAK85FqrI4oDbXjy5IBhYD+2pTJyBUWZe8ctWaCkrV0gy6AaelgOZZBMeswEa/6Q==

map-obj@5.0.0:
  version "5.0.0"
  resolved "https://registry.yarnpkg.com/map-obj/-/map-obj-5.0.0.tgz#126c98596b63927d7360f287cccc67177aa1938b"
  integrity sha512-2L3MIgJynYrZ3TYMriLDLWocz15okFakV6J12HXvMXDHui2x/zgChzg1u9mFFGbbGWE+GsLpQByt4POb9Or+uA==

map-obj@^4.3.0:
  version "4.3.0"
  resolved "https://registry.yarnpkg.com/map-obj/-/map-obj-4.3.0.tgz#9304f906e93faae70880da102a9f1df0ea8bb05a"
  integrity sha512-hdN1wVrZbb29eBGiGjJbeP8JbKjq1urkHJ/LIP/NY48MZ1QVXUsQBV1G1zvYFHn1XE06cwjBsOI2K3Ulnj1YXQ==

mime-db@1.52.0:
  version "1.52.0"
  resolved "https://registry.yarnpkg.com/mime-db/-/mime-db-1.52.0.tgz#bbabcdc02859f4987301c856e3387ce5ec43bf70"
  integrity sha512-sPU4uV7dYlvtWJxwwxHD0PuihVNiE7TyAbQ5SWxDCB9mUYvOgroQOwYQQOKPJ8CIbE+1ETVlOoK1UC2nU3gYvg==

mime-types@^2.1.12:
  version "2.1.35"
  resolved "https://registry.yarnpkg.com/mime-types/-/mime-types-2.1.35.tgz#381a871b62a734450660ae3deee44813f70d959a"
  integrity sha512-ZDY+bPm5zTTF+YpCrAU9nK0UgICYPT0QtT1NZWFv4s++TNkcgVaT0g6+4R2uI4MjQjzysHB1zxuWL50hzaeXiw==
  dependencies:
    mime-db "1.52.0"

minimist@^1.2.6:
  version "1.2.8"
  resolved "https://registry.yarnpkg.com/minimist/-/minimist-1.2.8.tgz#c1a464e7693302e082a075cee0c057741ac4772c"
  integrity sha512-2yyAR8qBkN3YuheJanUpWC5U3bb5osDywNB8RzDVlDwDHbocAJveqqj1u8+SVD7jkWT4yvsHCpWqqWqAxb0zCA==

node-fetch-native@^1.6.3:
  version "1.6.4"
  resolved "https://registry.yarnpkg.com/node-fetch-native/-/node-fetch-native-1.6.4.tgz#679fc8fd8111266d47d7e72c379f1bed9acff06e"
  integrity sha512-IhOigYzAKHd244OC0JIMIUrjzctirCmPkaIfhDeGcEETWof5zKYUW7e7MYvChGWh/4CJeXEgsRyGzuF334rOOQ==

ofetch@1.3.4:
  version "1.3.4"
  resolved "https://registry.yarnpkg.com/ofetch/-/ofetch-1.3.4.tgz#7ea65ced3c592ec2b9906975ae3fe1d26a56f635"
  integrity sha512-KLIET85ik3vhEfS+3fDlc/BAZiAp+43QEC/yCo5zkNoY2YaKvNkOaFr/6wCFgFH1kuYQM5pMNi0Tg8koiIemtw==
  dependencies:
    destr "^2.0.3"
    node-fetch-native "^1.6.3"
    ufo "^1.5.3"

path@^0.12.7:
  version "0.12.7"
  resolved "https://registry.yarnpkg.com/path/-/path-0.12.7.tgz#d4dc2a506c4ce2197eb481ebfcd5b36c0140b10f"
  integrity sha512-aXXC6s+1w7otVF9UletFkFcDsJeO7lSZBPUQhtb5O0xJe8LtYhj/GxldoL09bBj9+ZmE2hNoHqQSFMN5fikh4Q==
  dependencies:
    process "^0.11.1"
    util "^0.10.3"

process@^0.11.1:
  version "0.11.10"
  resolved "https://registry.yarnpkg.com/process/-/process-0.11.10.tgz#7332300e840161bda3e69a1d1d91a7d4bc16f182"
  integrity sha512-cdGef/drWFoydD1JsMzuFf8100nZl+GT+yacc2bEced5f9Rjk4z+WtFUTBu9PhOi9j/jfmBPu0mMEY4wIdAF8A==

proxy-from-env@^1.1.0:
  version "1.1.0"
  resolved "https://registry.yarnpkg.com/proxy-from-env/-/proxy-from-env-1.1.0.tgz#e102f16ca355424865755d2c9e8ea4f24d58c3e2"
  integrity sha512-D+zkORCbA9f1tdWRK0RaCR3GPv50cMxcrz4X8k5LTSUD1Dkw47mKJEZQNunItRTkWwgtaUSo1RVFRIG9ZXiFYg==

quick-lru@^6.1.1:
  version "6.1.2"
  resolved "https://registry.yarnpkg.com/quick-lru/-/quick-lru-6.1.2.tgz#e9a90524108629be35287d0b864e7ad6ceb3659e"
  integrity sha512-AAFUA5O1d83pIHEhJwWCq/RQcRukCkn/NSm2QsTEMle5f2hP0ChI2+3Xb051PZCkLryI/Ir1MVKviT2FIloaTQ==

strip-bom@^3.0.0:
  version "3.0.0"
  resolved "https://registry.yarnpkg.com/strip-bom/-/strip-bom-3.0.0.tgz#2334c18e9c759f7bdd56fdef7e9ae3d588e68ed3"
  integrity sha512-vavAMRXOgBVNF6nyEEmL3DBK19iRpDcoIwW+swQ+CbGiu7lju6t+JklA1MHweoWtadgt4ISVUsXLyDq34ddcwA==

symbol.inspect@1.0.1:
  version "1.0.1"
  resolved "https://registry.yarnpkg.com/symbol.inspect/-/symbol.inspect-1.0.1.tgz#e13125b8038c4996eb0dfa1567332ad4dcd0763f"
  integrity sha512-YQSL4duoHmLhsTD1Pw8RW6TZ5MaTX5rXJnqacJottr2P2LZBF/Yvrc3ku4NUpMOm8aM0KOCqM+UAkMA5HWQCzQ==

teslabot@^1.3.0:
  version "1.5.0"
  resolved "https://registry.yarnpkg.com/teslabot/-/teslabot-1.5.0.tgz#70f544516699ca5f696d8ae94f3d12cd495d5cd6"
  integrity sha512-e2MmELhCgrgZEGo7PQu/6bmYG36IDH+YrBI1iGm6jovXkeDIGa3pZ2WSqRjzkuw2vt1EqfkZoV5GpXgqL8QJVg==

tsconfig-paths@^4.2.0:
  version "4.2.0"
  resolved "https://registry.yarnpkg.com/tsconfig-paths/-/tsconfig-paths-4.2.0.tgz#ef78e19039133446d244beac0fd6a1632e2d107c"
  integrity sha512-NoZ4roiN7LnbKn9QqE1amc9DJfzvZXxF4xDavcOWt1BPkdx+m+0gJuPM+S0vCe7zTJMYUP0R8pO2XMr+Y8oLIg==
  dependencies:
    json5 "^2.2.2"
    minimist "^1.2.6"
    strip-bom "^3.0.0"

tweetnacl@1.0.3:
  version "1.0.3"
  resolved "https://registry.yarnpkg.com/tweetnacl/-/tweetnacl-1.0.3.tgz#ac0af71680458d8a6378d0d0d050ab1407d35596"
  integrity sha512-6rt+RN7aOi1nGMyC4Xa5DdYiukl2UWCbcJft7YhxReBGQD7OAM8Pbxw6YMo4r2diNEA8FEmu32YOn9rhaiE5yw==

type-fest@^3.1.0:
  version "3.13.1"
  resolved "https://registry.yarnpkg.com/type-fest/-/type-fest-3.13.1.tgz#bb744c1f0678bea7543a2d1ec24e83e68e8c8706"
  integrity sha512-tLq3bSNx+xSpwvAJnzrK0Ep5CLNWjvFTOp71URMaAEWBfRb9nnJiBoUe0tF8bI4ZFO3omgBR6NvnbzVUT3Ly4g==

type-fest@^4.3.2:
  version "4.20.1"
  resolved "https://registry.yarnpkg.com/type-fest/-/type-fest-4.20.1.tgz#d97bb1e923bf524e5b4b43421d586760fb2ee8be"
  integrity sha512-R6wDsVsoS9xYOpy8vgeBlqpdOyzJ12HNfQhC/aAKWM3YoCV9TtunJzh/QpkMgeDhkoynDcw5f1y+qF9yc/HHyg==

ufo@^1.5.3:
  version "1.5.3"
  resolved "https://registry.yarnpkg.com/ufo/-/ufo-1.5.3.tgz#3325bd3c977b6c6cd3160bf4ff52989adc9d3344"
  integrity sha512-Y7HYmWaFwPUmkoQCUIAYpKqkOf+SbVj/2fJJZ4RJMCfZp0rTGwRbzQD+HghfnhKOjL9E01okqz+ncJskGYfBNw==

undici-types@~5.26.4:
  version "5.26.5"
  resolved "https://registry.yarnpkg.com/undici-types/-/undici-types-5.26.5.tgz#bcd539893d00b56e964fd2657a4866b221a65617"
  integrity sha512-JlCMO+ehdEIKqlFxk6IfVoAUVmgz7cU7zD/h9XZ0qzeosSHmUJVOzSQvvYSYWXkFXC+IfLKSIffhv0sVZup6pA==

util@^0.10.3:
  version "0.10.4"
  resolved "https://registry.yarnpkg.com/util/-/util-0.10.4.tgz#3aa0125bfe668a4672de58857d3ace27ecb76901"
  integrity sha512-0Pm9hTQ3se5ll1XihRic3FDIku70C+iHUdT/W926rSgHV5QgXsYbKZN8MSC3tJtSkhuROzvsQjAaFENRXr+19A==
  dependencies:
    inherits "2.0.3"

zod@^3.21.4:
  version "3.23.8"
  resolved "https://registry.yarnpkg.com/zod/-/zod-3.23.8.tgz#e37b957b5d52079769fb8097099b592f0ef4067d"
  integrity sha512-XBx9AXhXktjUqnepgTiE5flcKIYWi/rme0Eaj+5Y0lftuGBq+jyRu/md4WnuxqgP1ubdpNCsYEYPxrzVHD8d6g==
